
Microsoft Visual Studio Solution File, Format Version 12.00
# Visual Studio 15
VisualStudioVersion = 15.0.28307.329
MinimumVisualStudioVersion = 10.0.40219.1
Project("{888888A0-9F3D-457C-B088-3A5042F75D52}") = "SpaceQ", "SpaceQ\SpaceQ.pyproj", "{EE5844CA-BFC2-4311-9905-2FC43F744701}"
EndProject
Global
	GlobalSection(SolutionConfigurationPlatforms) = preSolution
		Debug|Any CPU = Debug|Any CPU
		Release|Any CPU = Release|Any CPU
	EndGlobalSection
	GlobalSection(ProjectConfigurationPlatforms) = postSolution
		{EE5844CA-BFC2-4311-9905-2FC43F744701}.Debug|Any CPU.ActiveCfg = Debug|Any CPU
		{EE5844CA-BFC2-4311-9905-2FC43F744701}.Release|Any CPU.ActiveCfg = Release|Any CPU
	EndGlobalSection
	GlobalSection(SolutionProperties) = preSolution
		HideSolutionNode = FALSE
	EndGlobalSection
	GlobalSection(ExtensibilityGlobals) = postSolution
		SolutionGuid = {89A2C978-7C07-40AE-AAEA-52798FDE79A2}
	EndGlobalSection
EndGlobal
